
Microsoft Visual Studio Solution File, Format Version 12.00
# Visual Studio Version 17
VisualStudioVersion = 17.11.35327.3
MinimumVisualStudioVersion = 10.0.40219.1
Project("{2150E333-8FDC-42A3-9474-1A3956D46DE8}") = "Task0", "Task0", "{FC1C55F5-2573-4E97-9978-58CF91437BC9}"
EndProject
Project("{FAE04EC0-301F-11D3-BF4B-00C04F79EFBC}") = "Tyuiu.KardonKD.Sprint3.Task0.V19", "Tyuiu.KardonKD.Sprint3.Task0.V19\Tyuiu.KardonKD.Sprint3.Task0.V19.csproj", "{6FAB48BF-E33E-4DF6-ACE7-331480D94D45}"
EndProject
Project("{FAE04EC0-301F-11D3-BF4B-00C04F79EFBC}") = "Tyuiu.KardonKD.Sprint3.Task0.V19.Test", "Tyuiu.KardonKD.Sprint3.Task0.V19.Test\Tyuiu.KardonKD.Sprint3.Task0.V19.Test.csproj", "{8311D9C5-88EA-40E8-AD66-763A0ECAE85D}"
EndProject
Project("{FAE04EC0-301F-11D3-BF4B-00C04F79EFBC}") = "Tyuiu.KardonKD.Sprint3.Task0.V19.Lib", "Tyuiu.KardonKD.Sprint3.Task0.V19.Lib\Tyuiu.KardonKD.Sprint3.Task0.V19.Lib.csproj", "{468A7669-62ED-4896-9F83-F83A1A57ED36}"
EndProject
Global
	GlobalSection(SolutionConfigurationPlatforms) = preSolution
		Debug|Any CPU = Debug|Any CPU
		Release|Any CPU = Release|Any CPU
	EndGlobalSection
	GlobalSection(ProjectConfigurationPlatforms) = postSolution
		{6FAB48BF-E33E-4DF6-ACE7-331480D94D45}.Debug|Any CPU.ActiveCfg = Debug|Any CPU
		{6FAB48BF-E33E-4DF6-ACE7-331480D94D45}.Debug|Any CPU.Build.0 = Debug|Any CPU
		{6FAB48BF-E33E-4DF6-ACE7-331480D94D45}.Release|Any CPU.ActiveCfg = Release|Any CPU
		{6FAB48BF-E33E-4DF6-ACE7-331480D94D45}.Release|Any CPU.Build.0 = Release|Any CPU
		{8311D9C5-88EA-40E8-AD66-763A0ECAE85D}.Debug|Any CPU.ActiveCfg = Debug|Any CPU
		{8311D9C5-88EA-40E8-AD66-763A0ECAE85D}.Debug|Any CPU.Build.0 = Debug|Any CPU
		{8311D9C5-88EA-40E8-AD66-763A0ECAE85D}.Release|Any CPU.ActiveCfg = Release|Any CPU
		{8311D9C5-88EA-40E8-AD66-763A0ECAE85D}.Release|Any CPU.Build.0 = Release|Any CPU
		{468A7669-62ED-4896-9F83-F83A1A57ED36}.Debug|Any CPU.ActiveCfg = Debug|Any CPU
		{468A7669-62ED-4896-9F83-F83A1A57ED36}.Debug|Any CPU.Build.0 = Debug|Any CPU
		{468A7669-62ED-4896-9F83-F83A1A57ED36}.Release|Any CPU.ActiveCfg = Release|Any CPU
		{468A7669-62ED-4896-9F83-F83A1A57ED36}.Release|Any CPU.Build.0 = Release|Any CPU
	EndGlobalSection
	GlobalSection(SolutionProperties) = preSolution
		HideSolutionNode = FALSE
	EndGlobalSection
	GlobalSection(NestedProjects) = preSolution
		{6FAB48BF-E33E-4DF6-ACE7-331480D94D45} = {FC1C55F5-2573-4E97-9978-58CF91437BC9}
		{8311D9C5-88EA-40E8-AD66-763A0ECAE85D} = {FC1C55F5-2573-4E97-9978-58CF91437BC9}
		{468A7669-62ED-4896-9F83-F83A1A57ED36} = {FC1C55F5-2573-4E97-9978-58CF91437BC9}
	EndGlobalSection
	GlobalSection(ExtensibilityGlobals) = postSolution
		SolutionGuid = {C16DCEB3-4F32-4409-A334-B29503F324C0}
	EndGlobalSection
EndGlobal
