
Microsoft Visual Studio Solution File, Format Version 12.00
# Visual Studio Version 17
VisualStudioVersion = 17.11.35327.3
MinimumVisualStudioVersion = 10.0.40219.1
Project("{2150E333-8FDC-42A3-9474-1A3956D46DE8}") = "Task0", "Task0", "{FC1C55F5-2573-4E97-9978-58CF91437BC9}"
EndProject
Project("{9A19103F-16F7-4668-BE54-9A1E7A4F7556}") = "Tyuiu.KardonKD.Sprint3.Task0.V19", "Tyuiu.KardonKD.Sprint3.Task0.V19\Tyuiu.KardonKD.Sprint3.Task0.V19.csproj", "{6FAB48BF-E33E-4DF6-ACE7-331480D94D45}"
EndProject
Project("{9A19103F-16F7-4668-BE54-9A1E7A4F7556}") = "Tyuiu.KardonKD.Sprint3.Task0.V19.Test", "Tyuiu.KardonKD.Sprint3.Task0.V19.Test\Tyuiu.KardonKD.Sprint3.Task0.V19.Test.csproj", "{8311D9C5-88EA-40E8-AD66-763A0ECAE85D}"
EndProject
Project("{9A19103F-16F7-4668-BE54-9A1E7A4F7556}") = "Tyuiu.KardonKD.Sprint3.Task0.V19.Lib", "Tyuiu.KardonKD.Sprint3.Task0.V19.Lib\Tyuiu.KardonKD.Sprint3.Task0.V19.Lib.csproj", "{468A7669-62ED-4896-9F83-F83A1A57ED36}"
EndProject
Project("{2150E333-8FDC-42A3-9474-1A3956D46DE8}") = "Task1", "Task1", "{D18DEFE0-114C-47A1-8BFB-EB4818505C39}"
EndProject
Project("{9A19103F-16F7-4668-BE54-9A1E7A4F7556}") = "Tyuiu.KardonKD.Sprint3.Task1.V4.Lib", "Tyuiu.KardonKD.Sprint3.Task1.V4.Lib\Tyuiu.KardonKD.Sprint3.Task1.V4.Lib.csproj", "{7E5D0B53-A584-4C39-9E09-508732DA5BF7}"
EndProject
Project("{9A19103F-16F7-4668-BE54-9A1E7A4F7556}") = "Tyuiu.KardonKD.Sprint3.Task1.V4.Test", "Tyuiu.KardonKD.Sprint3.Task1.V4.Test\Tyuiu.KardonKD.Sprint3.Task1.V4.Test.csproj", "{8339444C-F60A-4E2E-8DB4-934FBF509EEC}"
EndProject
Project("{9A19103F-16F7-4668-BE54-9A1E7A4F7556}") = "Tyuiu.KardonKD.Sprint3.Task1.V4", "Tyuiu.KardonKD.Sprint3.Task1.V4\Tyuiu.KardonKD.Sprint3.Task1.V4.csproj", "{CFDD8FAA-C778-49E2-9AC0-F2670849153B}"
EndProject
Project("{2150E333-8FDC-42A3-9474-1A3956D46DE8}") = "Task2", "Task2", "{AECFBCE2-2D6C-4246-BF04-249D6B3EB6B3}"
EndProject
Project("{9A19103F-16F7-4668-BE54-9A1E7A4F7556}") = "Tyuiu.KardonKD.Sprint3.Task2.V2", "Tyuiu.KardonKD.Sprint3.Task2.V2\Tyuiu.KardonKD.Sprint3.Task2.V2.csproj", "{7F32EC37-E57C-46B3-858C-46AE3722C3F1}"
EndProject
Project("{9A19103F-16F7-4668-BE54-9A1E7A4F7556}") = "Tyuiu.KardonKD.Sprint3.Task2.V2.Test", "Tyuiu.KardonKD.Sprint3.Task2.V2.Test\Tyuiu.KardonKD.Sprint3.Task2.V2.Test.csproj", "{35F6B21A-790A-4E82-ABCA-F01F9480C899}"
EndProject
Project("{9A19103F-16F7-4668-BE54-9A1E7A4F7556}") = "Tyuiu.KardonKD.Sprint3.Task2.V2.Lib", "Tyuiu.KardonKD.Sprint3.Task2.V2.Lib\Tyuiu.KardonKD.Sprint3.Task2.V2.Lib.csproj", "{B2EA806A-7946-4322-AA6A-D2A0208A92B5}"
EndProject
Project("{9A19103F-16F7-4668-BE54-9A1E7A4F7556}") = "Tyuiu.KardonKD.Sprint3.Task3.V19.Lib", "Tyuiu.KardonKD.Sprint3.Task3.V19.Lib\Tyuiu.KardonKD.Sprint3.Task3.V19.Lib.csproj", "{60FCCF3E-095B-4E42-AAC1-20C1DB152F08}"
EndProject
Project("{2150E333-8FDC-42A3-9474-1A3956D46DE8}") = "Task3", "Task3", "{1F08C43A-D704-474B-87B7-2FEDE33A998D}"
EndProject
Project("{9A19103F-16F7-4668-BE54-9A1E7A4F7556}") = "Tyuiu.KardonKD.Sprint3.Task3.V19.Test", "Tyuiu.KardonKD.Sprint3.Task3.V19.Test\Tyuiu.KardonKD.Sprint3.Task3.V19.Test.csproj", "{92BD0086-105E-4971-A037-B1092680EB0E}"
EndProject
Project("{9A19103F-16F7-4668-BE54-9A1E7A4F7556}") = "Tyuiu.KardonKD.Sprint3.Task3.V19", "Tyuiu.KardonKD.Sprint3.Task3.V19\Tyuiu.KardonKD.Sprint3.Task3.V19.csproj", "{DEEC1242-CCF2-47DE-90B8-71C359859B8E}"
EndProject
Project("{2150E333-8FDC-42A3-9474-1A3956D46DE8}") = "Task4", "Task4", "{D509174D-0A66-408E-8CFA-528F3E318882}"
EndProject
Project("{FAE04EC0-301F-11D3-BF4B-00C04F79EFBC}") = "Tyuiu.KardonKD.Sprint3.Task4.V23", "Tyuiu.KardonKD.Sprint3.Task4.V23\Tyuiu.KardonKD.Sprint3.Task4.V23.csproj", "{6D0A2C7F-9F06-49A4-BA53-0347701C218E}"
EndProject
Project("{FAE04EC0-301F-11D3-BF4B-00C04F79EFBC}") = "Tyuiu.KardonKD.Sprint3.Task4.V23.Test", "Tyuiu.KardonKD.Sprint3.Task4.V23.Test\Tyuiu.KardonKD.Sprint3.Task4.V23.Test.csproj", "{E778D8DC-DA3E-4277-A7EE-E98F95DFB796}"
EndProject
Project("{FAE04EC0-301F-11D3-BF4B-00C04F79EFBC}") = "Tyuiu.KardonKD.Sprint3.Task4.V23.Lib", "Tyuiu.KardonKD.Sprint3.Task4.V23.Lib\Tyuiu.KardonKD.Sprint3.Task4.V23.Lib.csproj", "{59C6C5FD-4C3B-4497-A1C4-362A05CEE152}"
EndProject
Global
	GlobalSection(SolutionConfigurationPlatforms) = preSolution
		Debug|Any CPU = Debug|Any CPU
		Release|Any CPU = Release|Any CPU
	EndGlobalSection
	GlobalSection(ProjectConfigurationPlatforms) = postSolution
		{6FAB48BF-E33E-4DF6-ACE7-331480D94D45}.Debug|Any CPU.ActiveCfg = Debug|Any CPU
		{6FAB48BF-E33E-4DF6-ACE7-331480D94D45}.Debug|Any CPU.Build.0 = Debug|Any CPU
		{6FAB48BF-E33E-4DF6-ACE7-331480D94D45}.Release|Any CPU.ActiveCfg = Release|Any CPU
		{6FAB48BF-E33E-4DF6-ACE7-331480D94D45}.Release|Any CPU.Build.0 = Release|Any CPU
		{8311D9C5-88EA-40E8-AD66-763A0ECAE85D}.Debug|Any CPU.ActiveCfg = Debug|Any CPU
		{8311D9C5-88EA-40E8-AD66-763A0ECAE85D}.Debug|Any CPU.Build.0 = Debug|Any CPU
		{8311D9C5-88EA-40E8-AD66-763A0ECAE85D}.Release|Any CPU.ActiveCfg = Release|Any CPU
		{8311D9C5-88EA-40E8-AD66-763A0ECAE85D}.Release|Any CPU.Build.0 = Release|Any CPU
		{468A7669-62ED-4896-9F83-F83A1A57ED36}.Debug|Any CPU.ActiveCfg = Debug|Any CPU
		{468A7669-62ED-4896-9F83-F83A1A57ED36}.Debug|Any CPU.Build.0 = Debug|Any CPU
		{468A7669-62ED-4896-9F83-F83A1A57ED36}.Release|Any CPU.ActiveCfg = Release|Any CPU
		{468A7669-62ED-4896-9F83-F83A1A57ED36}.Release|Any CPU.Build.0 = Release|Any CPU
		{7E5D0B53-A584-4C39-9E09-508732DA5BF7}.Debug|Any CPU.ActiveCfg = Debug|Any CPU
		{7E5D0B53-A584-4C39-9E09-508732DA5BF7}.Debug|Any CPU.Build.0 = Debug|Any CPU
		{7E5D0B53-A584-4C39-9E09-508732DA5BF7}.Release|Any CPU.ActiveCfg = Release|Any CPU
		{7E5D0B53-A584-4C39-9E09-508732DA5BF7}.Release|Any CPU.Build.0 = Release|Any CPU
		{8339444C-F60A-4E2E-8DB4-934FBF509EEC}.Debug|Any CPU.ActiveCfg = Debug|Any CPU
		{8339444C-F60A-4E2E-8DB4-934FBF509EEC}.Debug|Any CPU.Build.0 = Debug|Any CPU
		{8339444C-F60A-4E2E-8DB4-934FBF509EEC}.Release|Any CPU.ActiveCfg = Release|Any CPU
		{8339444C-F60A-4E2E-8DB4-934FBF509EEC}.Release|Any CPU.Build.0 = Release|Any CPU
		{CFDD8FAA-C778-49E2-9AC0-F2670849153B}.Debug|Any CPU.ActiveCfg = Debug|Any CPU
		{CFDD8FAA-C778-49E2-9AC0-F2670849153B}.Debug|Any CPU.Build.0 = Debug|Any CPU
		{CFDD8FAA-C778-49E2-9AC0-F2670849153B}.Release|Any CPU.ActiveCfg = Release|Any CPU
		{CFDD8FAA-C778-49E2-9AC0-F2670849153B}.Release|Any CPU.Build.0 = Release|Any CPU
		{7F32EC37-E57C-46B3-858C-46AE3722C3F1}.Debug|Any CPU.ActiveCfg = Debug|Any CPU
		{7F32EC37-E57C-46B3-858C-46AE3722C3F1}.Debug|Any CPU.Build.0 = Debug|Any CPU
		{7F32EC37-E57C-46B3-858C-46AE3722C3F1}.Release|Any CPU.ActiveCfg = Release|Any CPU
		{7F32EC37-E57C-46B3-858C-46AE3722C3F1}.Release|Any CPU.Build.0 = Release|Any CPU
		{35F6B21A-790A-4E82-ABCA-F01F9480C899}.Debug|Any CPU.ActiveCfg = Debug|Any CPU
		{35F6B21A-790A-4E82-ABCA-F01F9480C899}.Debug|Any CPU.Build.0 = Debug|Any CPU
		{35F6B21A-790A-4E82-ABCA-F01F9480C899}.Release|Any CPU.ActiveCfg = Release|Any CPU
		{35F6B21A-790A-4E82-ABCA-F01F9480C899}.Release|Any CPU.Build.0 = Release|Any CPU
		{B2EA806A-7946-4322-AA6A-D2A0208A92B5}.Debug|Any CPU.ActiveCfg = Debug|Any CPU
		{B2EA806A-7946-4322-AA6A-D2A0208A92B5}.Debug|Any CPU.Build.0 = Debug|Any CPU
		{B2EA806A-7946-4322-AA6A-D2A0208A92B5}.Release|Any CPU.ActiveCfg = Release|Any CPU
		{B2EA806A-7946-4322-AA6A-D2A0208A92B5}.Release|Any CPU.Build.0 = Release|Any CPU
		{60FCCF3E-095B-4E42-AAC1-20C1DB152F08}.Debug|Any CPU.ActiveCfg = Debug|Any CPU
		{60FCCF3E-095B-4E42-AAC1-20C1DB152F08}.Debug|Any CPU.Build.0 = Debug|Any CPU
		{60FCCF3E-095B-4E42-AAC1-20C1DB152F08}.Release|Any CPU.ActiveCfg = Release|Any CPU
		{60FCCF3E-095B-4E42-AAC1-20C1DB152F08}.Release|Any CPU.Build.0 = Release|Any CPU
		{92BD0086-105E-4971-A037-B1092680EB0E}.Debug|Any CPU.ActiveCfg = Debug|Any CPU
		{92BD0086-105E-4971-A037-B1092680EB0E}.Debug|Any CPU.Build.0 = Debug|Any CPU
		{92BD0086-105E-4971-A037-B1092680EB0E}.Release|Any CPU.ActiveCfg = Release|Any CPU
		{92BD0086-105E-4971-A037-B1092680EB0E}.Release|Any CPU.Build.0 = Release|Any CPU
		{DEEC1242-CCF2-47DE-90B8-71C359859B8E}.Debug|Any CPU.ActiveCfg = Debug|Any CPU
		{DEEC1242-CCF2-47DE-90B8-71C359859B8E}.Debug|Any CPU.Build.0 = Debug|Any CPU
		{DEEC1242-CCF2-47DE-90B8-71C359859B8E}.Release|Any CPU.ActiveCfg = Release|Any CPU
		{DEEC1242-CCF2-47DE-90B8-71C359859B8E}.Release|Any CPU.Build.0 = Release|Any CPU
		{6D0A2C7F-9F06-49A4-BA53-0347701C218E}.Debug|Any CPU.ActiveCfg = Debug|Any CPU
		{6D0A2C7F-9F06-49A4-BA53-0347701C218E}.Debug|Any CPU.Build.0 = Debug|Any CPU
		{6D0A2C7F-9F06-49A4-BA53-0347701C218E}.Release|Any CPU.ActiveCfg = Release|Any CPU
		{6D0A2C7F-9F06-49A4-BA53-0347701C218E}.Release|Any CPU.Build.0 = Release|Any CPU
		{E778D8DC-DA3E-4277-A7EE-E98F95DFB796}.Debug|Any CPU.ActiveCfg = Debug|Any CPU
		{E778D8DC-DA3E-4277-A7EE-E98F95DFB796}.Debug|Any CPU.Build.0 = Debug|Any CPU
		{E778D8DC-DA3E-4277-A7EE-E98F95DFB796}.Release|Any CPU.ActiveCfg = Release|Any CPU
		{E778D8DC-DA3E-4277-A7EE-E98F95DFB796}.Release|Any CPU.Build.0 = Release|Any CPU
		{59C6C5FD-4C3B-4497-A1C4-362A05CEE152}.Debug|Any CPU.ActiveCfg = Debug|Any CPU
		{59C6C5FD-4C3B-4497-A1C4-362A05CEE152}.Debug|Any CPU.Build.0 = Debug|Any CPU
		{59C6C5FD-4C3B-4497-A1C4-362A05CEE152}.Release|Any CPU.ActiveCfg = Release|Any CPU
		{59C6C5FD-4C3B-4497-A1C4-362A05CEE152}.Release|Any CPU.Build.0 = Release|Any CPU
	EndGlobalSection
	GlobalSection(SolutionProperties) = preSolution
		HideSolutionNode = FALSE
	EndGlobalSection
	GlobalSection(NestedProjects) = preSolution
		{6FAB48BF-E33E-4DF6-ACE7-331480D94D45} = {FC1C55F5-2573-4E97-9978-58CF91437BC9}
		{8311D9C5-88EA-40E8-AD66-763A0ECAE85D} = {FC1C55F5-2573-4E97-9978-58CF91437BC9}
		{468A7669-62ED-4896-9F83-F83A1A57ED36} = {FC1C55F5-2573-4E97-9978-58CF91437BC9}
		{7E5D0B53-A584-4C39-9E09-508732DA5BF7} = {D18DEFE0-114C-47A1-8BFB-EB4818505C39}
		{8339444C-F60A-4E2E-8DB4-934FBF509EEC} = {D18DEFE0-114C-47A1-8BFB-EB4818505C39}
		{CFDD8FAA-C778-49E2-9AC0-F2670849153B} = {D18DEFE0-114C-47A1-8BFB-EB4818505C39}
		{7F32EC37-E57C-46B3-858C-46AE3722C3F1} = {AECFBCE2-2D6C-4246-BF04-249D6B3EB6B3}
		{35F6B21A-790A-4E82-ABCA-F01F9480C899} = {AECFBCE2-2D6C-4246-BF04-249D6B3EB6B3}
		{B2EA806A-7946-4322-AA6A-D2A0208A92B5} = {AECFBCE2-2D6C-4246-BF04-249D6B3EB6B3}
		{60FCCF3E-095B-4E42-AAC1-20C1DB152F08} = {1F08C43A-D704-474B-87B7-2FEDE33A998D}
		{92BD0086-105E-4971-A037-B1092680EB0E} = {1F08C43A-D704-474B-87B7-2FEDE33A998D}
		{DEEC1242-CCF2-47DE-90B8-71C359859B8E} = {1F08C43A-D704-474B-87B7-2FEDE33A998D}
		{6D0A2C7F-9F06-49A4-BA53-0347701C218E} = {D509174D-0A66-408E-8CFA-528F3E318882}
		{E778D8DC-DA3E-4277-A7EE-E98F95DFB796} = {D509174D-0A66-408E-8CFA-528F3E318882}
		{59C6C5FD-4C3B-4497-A1C4-362A05CEE152} = {D509174D-0A66-408E-8CFA-528F3E318882}
	EndGlobalSection
	GlobalSection(ExtensibilityGlobals) = postSolution
		SolutionGuid = {C16DCEB3-4F32-4409-A334-B29503F324C0}
	EndGlobalSection
EndGlobal
